{
  "name": "io.appery.project561851",
  "version": "1.0.0",
  "lockfileVersion": 1,
  "requires": true,
  "dependencies": {
    "cordova-plugin-battery-status": {
      "version": "file:../plugins/cordova-plugin-battery-status-rel-1.2.4"
    },
    "cordova-plugin-camera": {
      "version": "file:../plugins/cordova-plugin-camera-rel-3.0.0"
    },
    "cordova-plugin-contacts": {
      "version": "file:../plugins/cordova-plugin-contacts-rel-3.0.0"
    },
    "cordova-plugin-device": {
      "version": "file:../plugins/cordova-plugin-device-rel-1.1.6"
    },
    "cordova-plugin-dialogs": {
      "version": "file:../plugins/cordova-plugin-dialogs-rel-1.3.3"
    },
    "cordova-plugin-file": {
      "version": "file:../plugins/cordova-plugin-file-rel-5.0.0"
    },
    "cordova-plugin-file-transfer": {
      "version": "file:../plugins/cordova-plugin-file-transfer-rel-1.7.0"
    },
    "cordova-plugin-geolocation": {
      "version": "file:../plugins/cordova-plugin-geolocation-rel-3.0.0"
    },
    "cordova-plugin-globalization": {
      "version": "file:../plugins/cordova-plugin-globalization-rel-1.0.7"
    },
    "cordova-plugin-inappbrowser": {
      "version": "file:../plugins/cordova-plugin-inappbrowser-rel-1.7.1"
    },
    "cordova-plugin-network-information": {
      "version": "file:../plugins/cordova-plugin-network-information-rel-1.3.3"
    },
    "cordova-plugin-splashscreen": {
      "version": "file:../plugins/cordova-plugin-splashscreen-rel-5.0.2"
    },
    "cordova-plugin-vibration": {
      "version": "file:../plugins/cordova-plugin-vibration-rel-2.1.5"
    }
  }
}
